// !$*UTF8*$!
{
	archiveVersion = 1;
	classes = {
	};
	objectVersion = 77;
	objects = {

/* Begin PBXBuildFile section */
		144200113040C1BE0032F8CD /* fk_libavcodec.xcframework in Frameworks */ = {isa = PBXBuildFile; fileRef = 144200013040C1BE0032F8CD /* fk_libavcodec.xcframework */; };
		144200123040C1BE0032F8CD /* fk_libavdevice.xcframework in Frameworks */ = {isa = PBXBuildFile; fileRef = 144200023040C1BE0032F8CD /* fk_libavdevice.xcframework */; };
		144200133040C1BE0032F8CD /* fk_libavfilter.xcframework in Frameworks */ = {isa = PBXBuildFile; fileRef = 144200033040C1BE0032F8CD /* fk_libavfilter.xcframework */; };
		144200143040C1BE0032F8CD /* fk_libavformat.xcframework in Frameworks */ = {isa = PBXBuildFile; fileRef = 144200043040C1BE0032F8CD /* fk_libavformat.xcframework */; };
		144200153040C1BE0032F8CD /* fk_libavutil.xcframework in Frameworks */ = {isa = PBXBuildFile; fileRef = 144200053040C1BE0032F8CD /* fk_libavutil.xcframework */; };
		144200163040C1BE0032F8CD /* fk_libswresample.xcframework in Frameworks */ = {isa = PBXBuildFile; fileRef = 144200063040C1BE0032F8CD /* fk_libswresample.xcframework */; };
		144200173040C1BE0032F8CD /* fk_libswscale.xcframework in Frameworks */ = {isa = PBXBuildFile; fileRef = 144200073040C1BE0032F8CD /* fk_libswscale.xcframework */; };
		144200183040C1BE0032F8CD /* ffmpegkit.xcframework in Frameworks */ = {isa = PBXBuildFile; fileRef = 144200083040C1BE0032F8CD /* ffmpegkit.xcframework */; };
		144200213040C1BE0032F8CD /* fk_libavcodec.xcframework in Embed Frameworks */ = {isa = PBXBuildFile; fileRef = 144200013040C1BE0032F8CD /* fk_libavcodec.xcframework */; settings = {ATTRIBUTES = (CodeSignOnCopy, RemoveHeadersOnCopy, ); }; };
		144200223040C1BE0032F8CD /* fk_libavdevice.xcframework in Embed Frameworks */ = {isa = PBXBuildFile; fileRef = 144200023040C1BE0032F8CD /* fk_libavdevice.xcframework */; settings = {ATTRIBUTES = (CodeSignOnCopy, RemoveHeadersOnCopy, ); }; };
		144200233040C1BE0032F8CD /* fk_libavfilter.xcframework in Embed Frameworks */ = {isa = PBXBuildFile; fileRef = 144200033040C1BE0032F8CD /* fk_libavfilter.xcframework */; settings = {ATTRIBUTES = (CodeSignOnCopy, RemoveHeadersOnCopy, ); }; };
		144200243040C1BE0032F8CD /* fk_libavformat.xcframework in Embed Frameworks */ = {isa = PBXBuildFile; fileRef = 144200043040C1BE0032F8CD /* fk_libavformat.xcframework */; settings = {ATTRIBUTES = (CodeSignOnCopy, RemoveHeadersOnCopy, ); }; };
		144200253040C1BE0032F8CD /* fk_libavutil.xcframework in Embed Frameworks */ = {isa = PBXBuildFile; fileRef = 144200053040C1BE0032F8CD /* fk_libavutil.xcframework */; settings = {ATTRIBUTES = (CodeSignOnCopy, RemoveHeadersOnCopy, ); }; };
		144200263040C1BE0032F8CD /* fk_libswresample.xcframework in Embed Frameworks */ = {isa = PBXBuildFile; fileRef = 144200063040C1BE0032F8CD /* fk_libswresample.xcframework */; settings = {ATTRIBUTES = (CodeSignOnCopy, RemoveHeadersOnCopy, ); }; };
		144200273040C1BE0032F8CD /* fk_libswscale.xcframework in Embed Frameworks */ = {isa = PBXBuildFile; fileRef = 144200073040C1BE0032F8CD /* fk_libswscale.xcframework */; settings = {ATTRIBUTES = (CodeSignOnCopy, RemoveHeadersOnCopy, ); }; };
		144200283040C1BE0032F8CD /* ffmpegkit.xcframework in Embed Frameworks */ = {isa = PBXBuildFile; fileRef = 144200083040C1BE0032F8CD /* ffmpegkit.xcframework */; settings = {ATTRIBUTES = (CodeSignOnCopy, RemoveHeadersOnCopy, ); }; };
		14B578D92FF1AB43006B3990 /* MPVKit in Frameworks */ = {isa = PBXBuildFile; productRef = 14B578D82FF1AB43006B3990 /* MPVKit */; };
		14B578DC2FF20002006B3990 /* GRDB in Frameworks */ = {isa = PBXBuildFile; productRef = 14B578DB2FF20001006B3990 /* GRDB */; };
		14B578DF2FF20DCD006B3990 /* Nuke in Frameworks */ = {isa = PBXBuildFile; productRef = 14B578DE2FF20DCC006B3990 /* Nuke */; };
		14B578E52FF20DCF006B3990 /* Marquee in Frameworks */ = {isa = PBXBuildFile; productRef = 14B578E42FF20DCF006B3990 /* Marquee */; };
		14B578F32FF21002006B3990 /* SwiftyTube in Frameworks */ = {isa = PBXBuildFile; productRef = 14B578F22FF21001006B3990 /* SwiftyTube */; };
/* End PBXBuildFile section */

/* Begin PBXCopyFilesBuildPhase section */
		1442DDC53040C1BE0032F8CD /* Embed Frameworks */ = {
			isa = PBXCopyFilesBuildPhase;
			buildActionMask = 2147483647;
			dstPath = "";
			dstSubfolderSpec = 10;
			files = (
				144200213040C1BE0032F8CD /* fk_libavcodec.xcframework in Embed Frameworks */,
				144200223040C1BE0032F8CD /* fk_libavdevice.xcframework in Embed Frameworks */,
				144200233040C1BE0032F8CD /* fk_libavfilter.xcframework in Embed Frameworks */,
				144200243040C1BE0032F8CD /* fk_libavformat.xcframework in Embed Frameworks */,
				144200253040C1BE0032F8CD /* fk_libavutil.xcframework in Embed Frameworks */,
				144200263040C1BE0032F8CD /* fk_libswresample.xcframework in Embed Frameworks */,
				144200273040C1BE0032F8CD /* fk_libswscale.xcframework in Embed Frameworks */,
				144200283040C1BE0032F8CD /* ffmpegkit.xcframework in Embed Frameworks */,
			);
			name = "Embed Frameworks";
			runOnlyForDeploymentPostprocessing = 0;
		};
/* End PBXCopyFilesBuildPhase section */

/* Begin PBXFileReference section */
		144200013040C1BE0032F8CD /* fk_libavcodec.xcframework */ = {isa = PBXFileReference; lastKnownFileType = wrapper.xcframework; name = fk_libavcodec.xcframework; path = "build/ffmpeg-kit-xcframeworks/fk_libavcodec.xcframework"; sourceTree = SOURCE_ROOT; };
		144200023040C1BE0032F8CD /* fk_libavdevice.xcframework */ = {isa = PBXFileReference; lastKnownFileType = wrapper.xcframework; name = fk_libavdevice.xcframework; path = "build/ffmpeg-kit-xcframeworks/fk_libavdevice.xcframework"; sourceTree = SOURCE_ROOT; };
		144200033040C1BE0032F8CD /* fk_libavfilter.xcframework */ = {isa = PBXFileReference; lastKnownFileType = wrapper.xcframework; name = fk_libavfilter.xcframework; path = "build/ffmpeg-kit-xcframeworks/fk_libavfilter.xcframework"; sourceTree = SOURCE_ROOT; };
		144200043040C1BE0032F8CD /* fk_libavformat.xcframework */ = {isa = PBXFileReference; lastKnownFileType = wrapper.xcframework; name = fk_libavformat.xcframework; path = "build/ffmpeg-kit-xcframeworks/fk_libavformat.xcframework"; sourceTree = SOURCE_ROOT; };
		144200053040C1BE0032F8CD /* fk_libavutil.xcframework */ = {isa = PBXFileReference; lastKnownFileType = wrapper.xcframework; name = fk_libavutil.xcframework; path = "build/ffmpeg-kit-xcframeworks/fk_libavutil.xcframework"; sourceTree = SOURCE_ROOT; };
		144200063040C1BE0032F8CD /* fk_libswresample.xcframework */ = {isa = PBXFileReference; lastKnownFileType = wrapper.xcframework; name = fk_libswresample.xcframework; path = "build/ffmpeg-kit-xcframeworks/fk_libswresample.xcframework"; sourceTree = SOURCE_ROOT; };
		144200073040C1BE0032F8CD /* fk_libswscale.xcframework */ = {isa = PBXFileReference; lastKnownFileType = wrapper.xcframework; name = fk_libswscale.xcframework; path = "build/ffmpeg-kit-xcframeworks/fk_libswscale.xcframework"; sourceTree = SOURCE_ROOT; };
		144200083040C1BE0032F8CD /* ffmpegkit.xcframework */ = {isa = PBXFileReference; lastKnownFileType = wrapper.xcframework; name = ffmpegkit.xcframework; path = "build/ffmpeg-kit-xcframeworks/ffmpegkit.xcframework"; sourceTree = SOURCE_ROOT; };
		14B5762F2FF190EF006B3990 /* Trop.app */ = {isa = PBXFileReference; explicitFileType = wrapper.application; includeInIndex = 0; path = Trop.app; sourceTree = BUILT_PRODUCTS_DIR; };
/* End PBXFileReference section */

/* Begin PBXFileSystemSynchronizedBuildFileExceptionSet section */
		14B578EA2FF30001006B3990 /* Exceptions for "Trop" folder in "Trop" target */ = {
			isa = PBXFileSystemSynchronizedBuildFileExceptionSet;
			membershipExceptions = (
				Resources/Info.plist,
			);
			target = 14B5762E2FF190EF006B3990 /* Trop */;
		};
/* End PBXFileSystemSynchronizedBuildFileExceptionSet section */

/* Begin PBXFileSystemSynchronizedRootGroup section */
		14B576312FF190EF006B3990 /* Trop */ = {
			isa = PBXFileSystemSynchronizedRootGroup;
			exceptions = (
				14B578EA2FF30001006B3990 /* Exceptions for "Trop" folder in "Trop" target */,
			);
			path = Trop;
			sourceTree = "<group>";
		};
/* End PBXFileSystemSynchronizedRootGroup section */

/* Begin PBXFrameworksBuildPhase section */
		14B5762C2FF190EF006B3990 /* Frameworks */ = {
			isa = PBXFrameworksBuildPhase;
			buildActionMask = 2147483647;
			files = (
				14B578D92FF1AB43006B3990 /* MPVKit in Frameworks */,
				144200113040C1BE0032F8CD /* fk_libavcodec.xcframework in Frameworks */,
				144200123040C1BE0032F8CD /* fk_libavdevice.xcframework in Frameworks */,
				144200133040C1BE0032F8CD /* fk_libavfilter.xcframework in Frameworks */,
				144200143040C1BE0032F8CD /* fk_libavformat.xcframework in Frameworks */,
				144200153040C1BE0032F8CD /* fk_libavutil.xcframework in Frameworks */,
				144200163040C1BE0032F8CD /* fk_libswresample.xcframework in Frameworks */,
				144200173040C1BE0032F8CD /* fk_libswscale.xcframework in Frameworks */,
				144200183040C1BE0032F8CD /* ffmpegkit.xcframework in Frameworks */,
				14B578DC2FF20002006B3990 /* GRDB in Frameworks */,
				14B578DF2FF20DCD006B3990 /* Nuke in Frameworks */,
				14B578E52FF20DCF006B3990 /* Marquee in Frameworks */,
				14B578F32FF21002006B3990 /* SwiftyTube in Frameworks */,
			);
			runOnlyForDeploymentPostprocessing = 0;
		};
/* End PBXFrameworksBuildPhase section */

/* Begin PBXGroup section */
		144200003040C1BE0032F8CD /* Frameworks */ = {
			isa = PBXGroup;
			children = (
				144200013040C1BE0032F8CD /* fk_libavcodec.xcframework */,
				144200023040C1BE0032F8CD /* fk_libavdevice.xcframework */,
				144200033040C1BE0032F8CD /* fk_libavfilter.xcframework */,
				144200043040C1BE0032F8CD /* fk_libavformat.xcframework */,
				144200053040C1BE0032F8CD /* fk_libavutil.xcframework */,
				144200063040C1BE0032F8CD /* fk_libswresample.xcframework */,
				144200073040C1BE0032F8CD /* fk_libswscale.xcframework */,
				144200083040C1BE0032F8CD /* ffmpegkit.xcframework */,
			);
			name = Frameworks;
			sourceTree = "<group>";
		};
		14B576262FF190EF006B3990 = {
			isa = PBXGroup;
			children = (
				14B576312FF190EF006B3990 /* Trop */,
				144200003040C1BE0032F8CD /* Frameworks */,
				14B576302FF190EF006B3990 /* Products */,
			);
			sourceTree = "<group>";
		};
		14B576302FF190EF006B3990 /* Products */ = {
			isa = PBXGroup;
			children = (
				14B5762F2FF190EF006B3990 /* Trop.app */,
			);
			name = Products;
			sourceTree = "<group>";
		};
/* End PBXGroup section */

/* Begin PBXNativeTarget section */
		14B5762E2FF190EF006B3990 /* Trop */ = {
			isa = PBXNativeTarget;
			buildConfigurationList = 14B5763A2FF190F0006B3990 /* Build configuration list for PBXNativeTarget "Trop" */;
			buildPhases = (
				14B5762B2FF190EF006B3990 /* Sources */,
				14B5762C2FF190EF006B3990 /* Frameworks */,
				1442DDC53040C1BE0032F8CD /* Embed Frameworks */,
				14B5762D2FF190EF006B3990 /* Resources */,
				250D2C10929042AA8A8BE59906F78CD5 /* InjectUIFileSharingEnabled */,
				14B5763D2FF190F0006B3990 /* SwiftLint */,
			);
			buildRules = (
			);
			dependencies = (
			);
			fileSystemSynchronizedGroups = (
				14B576312FF190EF006B3990 /* Trop */,
			);
			name = Trop;
			packageProductDependencies = (
				14B578D82FF1AB43006B3990 /* MPVKit */,
				14B578DB2FF20001006B3990 /* GRDB */,
				14B578DE2FF20DCC006B3990 /* Nuke */,
				14B578E42FF20DCF006B3990 /* Marquee */,
				14B578F22FF21001006B3990 /* SwiftyTube */,
			);
			productName = Trop;
			productReference = 14B5762F2FF190EF006B3990 /* Trop.app */;
			productType = "com.apple.product-type.application";
		};
/* End PBXNativeTarget section */

/* Begin PBXProject section */
		14B576272FF190EF006B3990 /* Project object */ = {
			isa = PBXProject;
			attributes = {
				BuildIndependentTargetsInParallel = 1;
				LastSwiftUpdateCheck = 2630;
				LastUpgradeCheck = 2660;
				TargetAttributes = {
					14B5762E2FF190EF006B3990 = {
						CreatedOnToolsVersion = 26.3;
					};
				};
			};
			buildConfigurationList = 14B5762A2FF190EF006B3990 /* Build configuration list for PBXProject "Trop" */;
			developmentRegion = en;
			hasScannedForEncodings = 0;
			knownRegions = (
				en,
				Base,
			);
			mainGroup = 14B576262FF190EF006B3990;
			minimizedProjectReferenceProxies = 1;
			packageReferences = (
				14B578D72FF1AB43006B3990 /* XCRemoteSwiftPackageReference "MPVKit" */,
				14B578DA2FF20000006B3990 /* XCRemoteSwiftPackageReference "GRDB.swift" */,
				14B578DD2FF20DCC006B3990 /* XCRemoteSwiftPackageReference "Nuke" */,
				14B578E32FF20DCF006B3990 /* XCRemoteSwiftPackageReference "Marquee" */,
				14B578F12FF21000006B3990 /* XCRemoteSwiftPackageReference "SwiftyTube" */,
			);
			preferredProjectObjectVersion = 77;
			productRefGroup = 14B576302FF190EF006B3990 /* Products */;
			projectDirPath = "";
			projectRoot = "";
			targets = (
				14B5762E2FF190EF006B3990 /* Trop */,
			);
		};
/* End PBXProject section */

/* Begin PBXResourcesBuildPhase section */
		14B5762D2FF190EF006B3990 /* Resources */ = {
			isa = PBXResourcesBuildPhase;
			buildActionMask = 2147483647;
			files = (
			);
			runOnlyForDeploymentPostprocessing = 0;
		};
/* End PBXResourcesBuildPhase section */

/* Begin PBXShellScriptBuildPhase section */
		14B5763D2FF190F0006B3990 /* SwiftLint */ = {
			isa = PBXShellScriptBuildPhase;
			alwaysOutOfDate = 1;
			buildActionMask = 2147483647;
			files = (
			);
			inputFileListPaths = (
			);
			inputPaths = (
			);
			name = SwiftLint;
			outputFileListPaths = (
			);
			outputPaths = (
			);
			runOnlyForDeploymentPostprocessing = 0;
			shellPath = /bin/sh;
			shellScript = "SWIFTLINT=\"\"\nfor candidate in \"$(command -v swiftlint)\" /opt/homebrew/bin/swiftlint /usr/local/bin/swiftlint; do\n\tif [ -x \"$candidate\" ]; then\n\t\tSWIFTLINT=\"$candidate\"\n\t\tbreak\n\tfi\ndone\nif [ \"${SKIP_SWIFTLINT}\" != \"YES\" ] && [ -n \"$SWIFTLINT\" ]; then\n\t\"$SWIFTLINT\" lint --config \"${SRCROOT}/.swiftlint.yml\"\nelse\n\techo \"warning: SwiftLint not found - skipping lint (install with: brew install swiftlint)\"\nfi\n";
		};
		250D2C10929042AA8A8BE59906F78CD5 /* InjectUIFileSharingEnabled */ = {
			isa = PBXShellScriptBuildPhase;
			alwaysOutOfDate = 1;
			buildActionMask = 2147483647;
			files = (
			);
			inputFileListPaths = (
			);
			inputPaths = (
				"$(BUILT_PRODUCTS_DIR)/$(INFOPLIST_PATH)",
			);
			name = InjectUIFileSharingEnabled;
			outputFileListPaths = (
			);
			outputPaths = (
			);
			runOnlyForDeploymentPostprocessing = 0;
			shellPath = /bin/sh;
			shellScript = "/usr/libexec/PlistBuddy -c \"Add UIFileSharingEnabled bool true\" \"${BUILT_PRODUCTS_DIR}/${INFOPLIST_PATH}\" 2>/dev/null || /usr/libexec/PlistBuddy -c \"Set UIFileSharingEnabled bool true\" \"${BUILT_PRODUCTS_DIR}/${INFOPLIST_PATH}\"\n";
		};
/* End PBXShellScriptBuildPhase section */

/* Begin PBXSourcesBuildPhase section */
		14B5762B2FF190EF006B3990 /* Sources */ = {
			isa = PBXSourcesBuildPhase;
			buildActionMask = 2147483647;
			files = (
			);
			runOnlyForDeploymentPostprocessing = 0;
		};
/* End PBXSourcesBuildPhase section */

/* Begin XCBuildConfiguration section */
		14B576382FF190F0006B3990 /* Debug */ = {
			isa = XCBuildConfiguration;
			buildSettings = {
				ALWAYS_SEARCH_USER_PATHS = NO;
				ASSETCATALOG_COMPILER_GENERATE_SWIFT_ASSET_SYMBOL_EXTENSIONS = YES;
				CLANG_ANALYZER_NONNULL = YES;
				CLANG_ANALYZER_NUMBER_OBJECT_CONVERSION = YES_AGGRESSIVE;
				CLANG_CXX_LANGUAGE_STANDARD = "gnu++20";
				CLANG_ENABLE_MODULES = YES;
				CLANG_ENABLE_OBJC_ARC = YES;
				CLANG_ENABLE_OBJC_WEAK = YES;
				CLANG_WARN_BLOCK_CAPTURE_AUTORELEASING = YES;
				CLANG_WARN_BOOL_CONVERSION = YES;
				CLANG_WARN_COMMA = YES;
				CLANG_WARN_CONSTANT_CONVERSION = YES;
				CLANG_WARN_DEPRECATED_OBJC_IMPLEMENTATIONS = YES;
				CLANG_WARN_DIRECT_OBJC_ISA_USAGE = YES_ERROR;
				CLANG_WARN_DOCUMENTATION_COMMENTS = YES;
				CLANG_WARN_EMPTY_BODY = YES;
				CLANG_WARN_ENUM_CONVERSION = YES;
				CLANG_WARN_INFINITE_RECURSION = YES;
				CLANG_WARN_INT_CONVERSION = YES;
				CLANG_WARN_NON_LITERAL_NULL_CONVERSION = YES;
				CLANG_WARN_OBJC_IMPLICIT_RETAIN_SELF = YES;
				CLANG_WARN_OBJC_LITERAL_CONVERSION = YES;
				CLANG_WARN_OBJC_ROOT_CLASS = YES_ERROR;
				CLANG_WARN_QUOTED_INCLUDE_IN_FRAMEWORK_HEADER = YES;
				CLANG_WARN_RANGE_LOOP_ANALYSIS = YES;
				CLANG_WARN_STRICT_PROTOTYPES = YES;
				CLANG_WARN_SUSPICIOUS_MOVE = YES;
				CLANG_WARN_UNGUARDED_AVAILABILITY = YES_AGGRESSIVE;
				CLANG_WARN_UNREACHABLE_CODE = YES;
				CLANG_WARN__DUPLICATE_METHOD_MATCH = YES;
				COPY_PHASE_STRIP = NO;
				DEBUG_INFORMATION_FORMAT = dwarf;
				ENABLE_STRICT_OBJC_MSGSEND = YES;
				ENABLE_TESTABILITY = YES;
				ENABLE_USER_SCRIPT_SANDBOXING = YES;
				GCC_C_LANGUAGE_STANDARD = gnu17;
				GCC_DYNAMIC_NO_PIC = NO;
				GCC_NO_COMMON_BLOCKS = YES;
				GCC_OPTIMIZATION_LEVEL = 0;
				GCC_PREPROCESSOR_DEFINITIONS = (
					"DEBUG=1",
					"$(inherited)",
				);
				GCC_WARN_64_TO_32_BIT_CONVERSION = YES;
				GCC_WARN_ABOUT_RETURN_TYPE = YES_ERROR;
				GCC_WARN_UNDECLARED_SELECTOR = YES;
				GCC_WARN_UNINITIALIZED_AUTOS = YES_AGGRESSIVE;
				GCC_WARN_UNUSED_FUNCTION = YES;
				GCC_WARN_UNUSED_VARIABLE = YES;
				IPHONEOS_DEPLOYMENT_TARGET = 26.2;
				LOCALIZATION_PREFERS_STRING_CATALOGS = YES;
				MTL_ENABLE_DEBUG_INFO = INCLUDE_SOURCE;
				MTL_FAST_MATH = YES;
				ONLY_ACTIVE_ARCH = YES;
				SDKROOT = iphoneos;
				STRING_CATALOG_GENERATE_SYMBOLS = YES;
				SWIFT_ACTIVE_COMPILATION_CONDITIONS = "DEBUG $(inherited)";
				SWIFT_OPTIMIZATION_LEVEL = "-Onone";
			};
			name = Debug;
		};
		14B576392FF190F0006B3990 /* Release */ = {
			isa = XCBuildConfiguration;
			buildSettings = {
				ALWAYS_SEARCH_USER_PATHS = NO;
				ASSETCATALOG_COMPILER_GENERATE_SWIFT_ASSET_SYMBOL_EXTENSIONS = YES;
				CLANG_ANALYZER_NONNULL = YES;
				CLANG_ANALYZER_NUMBER_OBJECT_CONVERSION = YES_AGGRESSIVE;
				CLANG_CXX_LANGUAGE_STANDARD = "gnu++20";
				CLANG_ENABLE_MODULES = YES;
				CLANG_ENABLE_OBJC_ARC = YES;
				CLANG_ENABLE_OBJC_WEAK = YES;
				CLANG_WARN_BLOCK_CAPTURE_AUTORELEASING = YES;
				CLANG_WARN_BOOL_CONVERSION = YES;
				CLANG_WARN_COMMA = YES;
				CLANG_WARN_CONSTANT_CONVERSION = YES;
				CLANG_WARN_DEPRECATED_OBJC_IMPLEMENTATIONS = YES;
				CLANG_WARN_DIRECT_OBJC_ISA_USAGE = YES_ERROR;
				CLANG_WARN_DOCUMENTATION_COMMENTS = YES;
				CLANG_WARN_EMPTY_BODY = YES;
				CLANG_WARN_ENUM_CONVERSION = YES;
				CLANG_WARN_INFINITE_RECURSION = YES;
				CLANG_WARN_INT_CONVERSION = YES;
				CLANG_WARN_NON_LITERAL_NULL_CONVERSION = YES;
				CLANG_WARN_OBJC_IMPLICIT_RETAIN_SELF = YES;
				CLANG_WARN_OBJC_LITERAL_CONVERSION = YES;
				CLANG_WARN_OBJC_ROOT_CLASS = YES_ERROR;
				CLANG_WARN_QUOTED_INCLUDE_IN_FRAMEWORK_HEADER = YES;
				CLANG_WARN_RANGE_LOOP_ANALYSIS = YES;
				CLANG_WARN_STRICT_PROTOTYPES = YES;
				CLANG_WARN_SUSPICIOUS_MOVE = YES;
				CLANG_WARN_UNGUARDED_AVAILABILITY = YES_AGGRESSIVE;
				CLANG_WARN_UNREACHABLE_CODE = YES;
				CLANG_WARN__DUPLICATE_METHOD_MATCH = YES;
				COPY_PHASE_STRIP = NO;
				DEBUG_INFORMATION_FORMAT = "dwarf-with-dsym";
				ENABLE_NS_ASSERTIONS = NO;
				ENABLE_STRICT_OBJC_MSGSEND = YES;
				ENABLE_USER_SCRIPT_SANDBOXING = YES;
				GCC_C_LANGUAGE_STANDARD = gnu17;
				GCC_NO_COMMON_BLOCKS = YES;
				GCC_WARN_64_TO_32_BIT_CONVERSION = YES;
				GCC_WARN_ABOUT_RETURN_TYPE = YES_ERROR;
				GCC_WARN_UNDECLARED_SELECTOR = YES;
				GCC_WARN_UNINITIALIZED_AUTOS = YES_AGGRESSIVE;
				GCC_WARN_UNUSED_FUNCTION = YES;
				GCC_WARN_UNUSED_VARIABLE = YES;
				IPHONEOS_DEPLOYMENT_TARGET = 26.2;
				LOCALIZATION_PREFERS_STRING_CATALOGS = YES;
				MTL_ENABLE_DEBUG_INFO = NO;
				MTL_FAST_MATH = YES;
				SDKROOT = iphoneos;
				STRING_CATALOG_GENERATE_SYMBOLS = YES;
				SWIFT_COMPILATION_MODE = wholemodule;
				VALIDATE_PRODUCT = YES;
			};
			name = Release;
		};
		14B5763B2FF190F0006B3990 /* Debug */ = {
			isa = XCBuildConfiguration;
			buildSettings = {
				ASSETCATALOG_COMPILER_ALTERNATE_APPICON_NAMES = "Amber Blue Brown Cyan Green Indigo Lime Orange Pink Purple Red Teal";
				ASSETCATALOG_COMPILER_APPICON_NAME = AppIcon;
				ASSETCATALOG_COMPILER_GLOBAL_ACCENT_COLOR_NAME = AccentColor;
				CODE_SIGN_STYLE = Automatic;
				CURRENT_PROJECT_VERSION = 1;
				ENABLE_PREVIEWS = YES;
				ENABLE_USER_SCRIPT_SANDBOXING = NO;
				GENERATE_INFOPLIST_FILE = YES;
				INFOPLIST_FILE = Trop/Resources/Info.plist;
				LD_RUNPATH_SEARCH_PATHS = (
					"$(inherited)",
					"@executable_path/Frameworks",
				);
				MARKETING_VERSION = 0.0.2;
				PRODUCT_BUNDLE_IDENTIFIER = com.tropplus.app;
				PRODUCT_NAME = "$(TARGET_NAME)";
				STRING_CATALOG_GENERATE_SYMBOLS = YES;
				SWIFT_APPROACHABLE_CONCURRENCY = YES;
				SWIFT_EMIT_LOC_STRINGS = YES;
				SWIFT_ENABLE_EXPLICIT_MODULES = NO;
				SWIFT_UPCOMING_FEATURE_MEMBER_IMPORT_VISIBILITY = YES;
				SWIFT_VERSION = 5.0;
				TARGETED_DEVICE_FAMILY = "1,2";
			};
			name = Debug;
		};
		14B5763C2FF190F0006B3990 /* Release */ = {
			isa = XCBuildConfiguration;
			buildSettings = {
				ASSETCATALOG_COMPILER_ALTERNATE_APPICON_NAMES = "Amber Blue Brown Cyan Green Indigo Lime Orange Pink Purple Red Teal";
				ASSETCATALOG_COMPILER_APPICON_NAME = AppIcon;
				ASSETCATALOG_COMPILER_GLOBAL_ACCENT_COLOR_NAME = AccentColor;
				CODE_SIGN_STYLE = Automatic;
				CURRENT_PROJECT_VERSION = 1;
				ENABLE_PREVIEWS = YES;
				ENABLE_USER_SCRIPT_SANDBOXING = NO;
				GENERATE_INFOPLIST_FILE = YES;
				INFOPLIST_FILE = Trop/Resources/Info.plist;
				LD_RUNPATH_SEARCH_PATHS = (
					"$(inherited)",
					"@executable_path/Frameworks",
				);
				MARKETING_VERSION = 0.0.2;
				PRODUCT_BUNDLE_IDENTIFIER = com.tropplus.app;
				PRODUCT_NAME = "$(TARGET_NAME)";
				STRING_CATALOG_GENERATE_SYMBOLS = YES;
				SWIFT_APPROACHABLE_CONCURRENCY = YES;
				SWIFT_EMIT_LOC_STRINGS = YES;
				SWIFT_ENABLE_EXPLICIT_MODULES = NO;
				SWIFT_UPCOMING_FEATURE_MEMBER_IMPORT_VISIBILITY = YES;
				SWIFT_VERSION = 5.0;
				TARGETED_DEVICE_FAMILY = "1,2";
			};
			name = Release;
		};
/* End XCBuildConfiguration section */

/* Begin XCConfigurationList section */
		14B5762A2FF190EF006B3990 /* Build configuration list for PBXProject "Trop" */ = {
			isa = XCConfigurationList;
			buildConfigurations = (
				14B576382FF190F0006B3990 /* Debug */,
				14B576392FF190F0006B3990 /* Release */,
			);
			defaultConfigurationIsVisible = 0;
			defaultConfigurationName = Release;
		};
		14B5763A2FF190F0006B3990 /* Build configuration list for PBXNativeTarget "Trop" */ = {
			isa = XCConfigurationList;
			buildConfigurations = (
				14B5763B2FF190F0006B3990 /* Debug */,
				14B5763C2FF190F0006B3990 /* Release */,
			);
			defaultConfigurationIsVisible = 0;
			defaultConfigurationName = Release;
		};
/* End XCConfigurationList section */

/* Begin XCRemoteSwiftPackageReference section */
		14B578D72FF1AB43006B3990 /* XCRemoteSwiftPackageReference "MPVKit" */ = {
			isa = XCRemoteSwiftPackageReference;
			repositoryURL = "https://github.com/mpvkit/MPVKit.git";
			requirement = {
				kind = upToNextMajorVersion;
				minimumVersion = 1.0.0;
			};
		};
		14B578DA2FF20000006B3990 /* XCRemoteSwiftPackageReference "GRDB.swift" */ = {
			isa = XCRemoteSwiftPackageReference;
			repositoryURL = "https://github.com/groue/GRDB.swift.git";
			requirement = {
				kind = upToNextMajorVersion;
				minimumVersion = 6.0.0;
			};
		};
		14B578DD2FF20DCC006B3990 /* XCRemoteSwiftPackageReference "Nuke" */ = {
			isa = XCRemoteSwiftPackageReference;
			repositoryURL = "https://github.com/kean/Nuke.git";
			requirement = {
				kind = upToNextMajorVersion;
				minimumVersion = 12.0.0;
			};
		};
		14B578E32FF20DCF006B3990 /* XCRemoteSwiftPackageReference "Marquee" */ = {
			isa = XCRemoteSwiftPackageReference;
			repositoryURL = "https://github.com/SwiftUIKit/Marquee.git";
			requirement = {
				kind = upToNextMajorVersion;
				minimumVersion = 0.3.0;
			};
		};
		14B578F12FF21000006B3990 /* XCRemoteSwiftPackageReference "SwiftyTube" */ = {
			isa = XCRemoteSwiftPackageReference;
			repositoryURL = "https://github.com/686udjie/SwiftyTube.git";
			requirement = {
				kind = upToNextMajorVersion;
				minimumVersion = 0.0.1;
			};
		};
/* End XCRemoteSwiftPackageReference section */

/* Begin XCSwiftPackageProductDependency section */
		14B578D82FF1AB43006B3990 /* MPVKit */ = {
			isa = XCSwiftPackageProductDependency;
			package = 14B578D72FF1AB43006B3990 /* XCRemoteSwiftPackageReference "MPVKit" */;
			productName = MPVKit;
		};
		14B578DB2FF20001006B3990 /* GRDB */ = {
			isa = XCSwiftPackageProductDependency;
			package = 14B578DA2FF20000006B3990 /* XCRemoteSwiftPackageReference "GRDB.swift" */;
			productName = GRDB;
		};
		14B578DE2FF20DCC006B3990 /* Nuke */ = {
			isa = XCSwiftPackageProductDependency;
			package = 14B578DD2FF20DCC006B3990 /* XCRemoteSwiftPackageReference "Nuke" */;
			productName = Nuke;
		};
		14B578E42FF20DCF006B3990 /* Marquee */ = {
			isa = XCSwiftPackageProductDependency;
			package = 14B578E32FF20DCF006B3990 /* XCRemoteSwiftPackageReference "Marquee" */;
			productName = Marquee;
		};
		14B578F22FF21001006B3990 /* SwiftyTube */ = {
			isa = XCSwiftPackageProductDependency;
			package = 14B578F12FF21000006B3990 /* XCRemoteSwiftPackageReference "SwiftyTube" */;
			productName = SwiftyTube;
		};
/* End XCSwiftPackageProductDependency section */
	};
	rootObject = 14B576272FF190EF006B3990 /* Project object */;
}
